
Microsoft Visual Studio Solution File, Format Version 12.00
# Visual Studio 15
VisualStudioVersion = 15.0.27130.2036
MinimumVisualStudioVersion = 10.0.40219.1
Project("{A07B5EB6-E848-4116-A8D0-A826331D98C6}") = "Sierra.Fabric", "Sierra.Fabric\Sierra.Fabric.sfproj", "{17909DD2-D384-4E32-9904-1387B726B2D2}"
EndProject
Project("{2150E333-8FDC-42A3-9474-1A3956D46DE8}") = "Tests", "Tests", "{960E1F52-FF65-4F52-870F-A0CA22D26475}"
EndProject
Project("{2150E333-8FDC-42A3-9474-1A3956D46DE8}") = "Solution Items", "Solution Items", "{418494EB-C2C7-4F03-B565-2AFEBBFC5A38}"
	ProjectSection(SolutionItems) = preProject
		..\.gitignore = ..\.gitignore
		..\README.md = ..\README.md
	EndProjectSection
EndProject
Project("{9A19103F-16F7-4668-BE54-9A1E7A4F7556}") = "Sierra.Model", "Sierra.Model\Sierra.Model.csproj", "{D14121D9-5924-4AD0-9F41-795DE446B1F8}"
EndProject
Project("{9A19103F-16F7-4668-BE54-9A1E7A4F7556}") = "Sierra.PowerShell", "Sierra.PowerShell\Sierra.PowerShell.csproj", "{1CE8C239-1376-4A8F-8D14-8218BDC24CFB}"
EndProject
Project("{9A19103F-16F7-4668-BE54-9A1E7A4F7556}") = "Sierra.Actor.Interfaces", "Sierra.Actor.Interfaces\Sierra.Actor.Interfaces.csproj", "{5EE2A01C-CE04-4483-B559-6E219BB8CE79}"
EndProject
Project("{9A19103F-16F7-4668-BE54-9A1E7A4F7556}") = "Sierra.PowerShell.Tests", "Tests\Sierra.PowerShell.Tests\Sierra.PowerShell.Tests.csproj", "{10CB1224-D13D-424C-8E9B-E4ABB4229421}"
EndProject
Project("{9A19103F-16F7-4668-BE54-9A1E7A4F7556}") = "Sierra.Api.Tests", "Tests\Sierra.Api.Tests\Sierra.Api.Tests.csproj", "{10B9BF04-9F0B-4152-B3CD-6FEED4BE56F3}"
EndProject
Project("{9A19103F-16F7-4668-BE54-9A1E7A4F7556}") = "Sierra.Actor.Tests", "Tests\Sierra.Actor.Tests\Sierra.Actor.Tests.csproj", "{D2F2E4F7-7F81-4EF1-8ECF-37D016BA24E9}"
EndProject
Project("{9A19103F-16F7-4668-BE54-9A1E7A4F7556}") = "Sierra.Actor", "Sierra.Actor\Sierra.Actor.csproj", "{759DFF98-E308-4129-8A62-A3012E38CEC8}"
EndProject
Project("{9A19103F-16F7-4668-BE54-9A1E7A4F7556}") = "Sierra.Api", "Sierra.Api\Sierra.Api.csproj", "{1927AA99-99B0-46F3-A3C7-782C3BCFCFC9}"
EndProject
Project("{9A19103F-16F7-4668-BE54-9A1E7A4F7556}") = "Sierra.Common", "Sierra.Common\Sierra.Common.csproj", "{7FAAC37E-3084-485E-B8E7-643EB34AF62C}"
EndProject
Project("{9A19103F-16F7-4668-BE54-9A1E7A4F7556}") = "Sierra.Common.Tests", "Tests\Sierra.Common.Tests\Sierra.Common.Tests.csproj", "{C6B63880-D0A0-4127-AD07-FB044302B412}"
EndProject
Project("{9A19103F-16F7-4668-BE54-9A1E7A4F7556}") = "Sierra.Model.Tests", "Tests\Sierra.Model.Tests\Sierra.Model.Tests.csproj", "{720FFB38-03A3-4BF7-8004-4954A64CB484}"
EndProject
Global
	GlobalSection(SolutionConfigurationPlatforms) = preSolution
		Debug|Any CPU = Debug|Any CPU
		Debug|x64 = Debug|x64
		Release|Any CPU = Release|Any CPU
		Release|x64 = Release|x64
	EndGlobalSection
	GlobalSection(ProjectConfigurationPlatforms) = postSolution
		{17909DD2-D384-4E32-9904-1387B726B2D2}.Debug|Any CPU.ActiveCfg = Debug|x64
		{17909DD2-D384-4E32-9904-1387B726B2D2}.Debug|x64.ActiveCfg = Debug|x64
		{17909DD2-D384-4E32-9904-1387B726B2D2}.Debug|x64.Build.0 = Debug|x64
		{17909DD2-D384-4E32-9904-1387B726B2D2}.Debug|x64.Deploy.0 = Debug|x64
		{17909DD2-D384-4E32-9904-1387B726B2D2}.Release|Any CPU.ActiveCfg = Release|x64
		{17909DD2-D384-4E32-9904-1387B726B2D2}.Release|x64.ActiveCfg = Release|x64
		{17909DD2-D384-4E32-9904-1387B726B2D2}.Release|x64.Build.0 = Release|x64
		{17909DD2-D384-4E32-9904-1387B726B2D2}.Release|x64.Deploy.0 = Release|x64
		{D14121D9-5924-4AD0-9F41-795DE446B1F8}.Debug|Any CPU.ActiveCfg = Debug|x64
		{D14121D9-5924-4AD0-9F41-795DE446B1F8}.Debug|x64.ActiveCfg = Debug|x64
		{D14121D9-5924-4AD0-9F41-795DE446B1F8}.Debug|x64.Build.0 = Debug|x64
		{D14121D9-5924-4AD0-9F41-795DE446B1F8}.Release|Any CPU.ActiveCfg = Release|x64
		{D14121D9-5924-4AD0-9F41-795DE446B1F8}.Release|x64.ActiveCfg = Release|x64
		{D14121D9-5924-4AD0-9F41-795DE446B1F8}.Release|x64.Build.0 = Release|x64
		{1CE8C239-1376-4A8F-8D14-8218BDC24CFB}.Debug|Any CPU.ActiveCfg = Debug|Any CPU
		{1CE8C239-1376-4A8F-8D14-8218BDC24CFB}.Debug|Any CPU.Build.0 = Debug|Any CPU
		{1CE8C239-1376-4A8F-8D14-8218BDC24CFB}.Debug|x64.ActiveCfg = Debug|Any CPU
		{1CE8C239-1376-4A8F-8D14-8218BDC24CFB}.Debug|x64.Build.0 = Debug|Any CPU
		{1CE8C239-1376-4A8F-8D14-8218BDC24CFB}.Release|Any CPU.ActiveCfg = Release|Any CPU
		{1CE8C239-1376-4A8F-8D14-8218BDC24CFB}.Release|Any CPU.Build.0 = Release|Any CPU
		{1CE8C239-1376-4A8F-8D14-8218BDC24CFB}.Release|x64.ActiveCfg = Release|Any CPU
		{1CE8C239-1376-4A8F-8D14-8218BDC24CFB}.Release|x64.Build.0 = Release|Any CPU
		{5EE2A01C-CE04-4483-B559-6E219BB8CE79}.Debug|Any CPU.ActiveCfg = Debug|x64
		{5EE2A01C-CE04-4483-B559-6E219BB8CE79}.Debug|x64.ActiveCfg = Debug|x64
		{5EE2A01C-CE04-4483-B559-6E219BB8CE79}.Debug|x64.Build.0 = Debug|x64
		{5EE2A01C-CE04-4483-B559-6E219BB8CE79}.Release|Any CPU.ActiveCfg = Release|x64
		{5EE2A01C-CE04-4483-B559-6E219BB8CE79}.Release|x64.ActiveCfg = Release|x64
		{5EE2A01C-CE04-4483-B559-6E219BB8CE79}.Release|x64.Build.0 = Release|x64
		{10CB1224-D13D-424C-8E9B-E4ABB4229421}.Debug|Any CPU.ActiveCfg = Debug|Any CPU
		{10CB1224-D13D-424C-8E9B-E4ABB4229421}.Debug|Any CPU.Build.0 = Debug|Any CPU
		{10CB1224-D13D-424C-8E9B-E4ABB4229421}.Debug|x64.ActiveCfg = Debug|Any CPU
		{10CB1224-D13D-424C-8E9B-E4ABB4229421}.Debug|x64.Build.0 = Debug|Any CPU
		{10CB1224-D13D-424C-8E9B-E4ABB4229421}.Release|Any CPU.ActiveCfg = Release|Any CPU
		{10CB1224-D13D-424C-8E9B-E4ABB4229421}.Release|Any CPU.Build.0 = Release|Any CPU
		{10CB1224-D13D-424C-8E9B-E4ABB4229421}.Release|x64.ActiveCfg = Release|Any CPU
		{10CB1224-D13D-424C-8E9B-E4ABB4229421}.Release|x64.Build.0 = Release|Any CPU
		{10B9BF04-9F0B-4152-B3CD-6FEED4BE56F3}.Debug|Any CPU.ActiveCfg = Debug|x64
		{10B9BF04-9F0B-4152-B3CD-6FEED4BE56F3}.Debug|x64.ActiveCfg = Debug|x64
		{10B9BF04-9F0B-4152-B3CD-6FEED4BE56F3}.Debug|x64.Build.0 = Debug|x64
		{10B9BF04-9F0B-4152-B3CD-6FEED4BE56F3}.Release|Any CPU.ActiveCfg = Release|x64
		{10B9BF04-9F0B-4152-B3CD-6FEED4BE56F3}.Release|x64.ActiveCfg = Release|x64
		{10B9BF04-9F0B-4152-B3CD-6FEED4BE56F3}.Release|x64.Build.0 = Release|x64
		{D2F2E4F7-7F81-4EF1-8ECF-37D016BA24E9}.Debug|Any CPU.ActiveCfg = Debug|x64
		{D2F2E4F7-7F81-4EF1-8ECF-37D016BA24E9}.Debug|x64.ActiveCfg = Debug|x64
		{D2F2E4F7-7F81-4EF1-8ECF-37D016BA24E9}.Debug|x64.Build.0 = Debug|x64
		{D2F2E4F7-7F81-4EF1-8ECF-37D016BA24E9}.Release|Any CPU.ActiveCfg = Release|x64
		{D2F2E4F7-7F81-4EF1-8ECF-37D016BA24E9}.Release|x64.ActiveCfg = Release|x64
		{D2F2E4F7-7F81-4EF1-8ECF-37D016BA24E9}.Release|x64.Build.0 = Release|x64
		{759DFF98-E308-4129-8A62-A3012E38CEC8}.Debug|Any CPU.ActiveCfg = Debug|x64
		{759DFF98-E308-4129-8A62-A3012E38CEC8}.Debug|x64.ActiveCfg = Debug|x64
		{759DFF98-E308-4129-8A62-A3012E38CEC8}.Debug|x64.Build.0 = Debug|x64
		{759DFF98-E308-4129-8A62-A3012E38CEC8}.Release|Any CPU.ActiveCfg = Release|x64
		{759DFF98-E308-4129-8A62-A3012E38CEC8}.Release|x64.ActiveCfg = Release|x64
		{759DFF98-E308-4129-8A62-A3012E38CEC8}.Release|x64.Build.0 = Release|x64
		{1927AA99-99B0-46F3-A3C7-782C3BCFCFC9}.Debug|Any CPU.ActiveCfg = Debug|x64
		{1927AA99-99B0-46F3-A3C7-782C3BCFCFC9}.Debug|x64.ActiveCfg = Debug|x64
		{1927AA99-99B0-46F3-A3C7-782C3BCFCFC9}.Debug|x64.Build.0 = Debug|x64
		{1927AA99-99B0-46F3-A3C7-782C3BCFCFC9}.Release|Any CPU.ActiveCfg = Release|x64
		{1927AA99-99B0-46F3-A3C7-782C3BCFCFC9}.Release|x64.ActiveCfg = Release|x64
		{1927AA99-99B0-46F3-A3C7-782C3BCFCFC9}.Release|x64.Build.0 = Release|x64
		{7FAAC37E-3084-485E-B8E7-643EB34AF62C}.Debug|Any CPU.ActiveCfg = Debug|x64
		{7FAAC37E-3084-485E-B8E7-643EB34AF62C}.Debug|x64.ActiveCfg = Debug|x64
		{7FAAC37E-3084-485E-B8E7-643EB34AF62C}.Debug|x64.Build.0 = Debug|x64
		{7FAAC37E-3084-485E-B8E7-643EB34AF62C}.Release|Any CPU.ActiveCfg = Release|x64
		{7FAAC37E-3084-485E-B8E7-643EB34AF62C}.Release|x64.ActiveCfg = Release|x64
		{7FAAC37E-3084-485E-B8E7-643EB34AF62C}.Release|x64.Build.0 = Release|x64
		{C6B63880-D0A0-4127-AD07-FB044302B412}.Debug|Any CPU.ActiveCfg = Debug|x64
		{C6B63880-D0A0-4127-AD07-FB044302B412}.Debug|x64.ActiveCfg = Debug|x64
		{C6B63880-D0A0-4127-AD07-FB044302B412}.Debug|x64.Build.0 = Debug|x64
		{C6B63880-D0A0-4127-AD07-FB044302B412}.Release|Any CPU.ActiveCfg = Release|x64
		{C6B63880-D0A0-4127-AD07-FB044302B412}.Release|x64.ActiveCfg = Release|x64
		{C6B63880-D0A0-4127-AD07-FB044302B412}.Release|x64.Build.0 = Release|x64
		{720FFB38-03A3-4BF7-8004-4954A64CB484}.Debug|Any CPU.ActiveCfg = Debug|x64
		{720FFB38-03A3-4BF7-8004-4954A64CB484}.Debug|x64.ActiveCfg = Debug|x64
		{720FFB38-03A3-4BF7-8004-4954A64CB484}.Debug|x64.Build.0 = Debug|x64
		{720FFB38-03A3-4BF7-8004-4954A64CB484}.Release|Any CPU.ActiveCfg = Release|x64
		{720FFB38-03A3-4BF7-8004-4954A64CB484}.Release|x64.ActiveCfg = Release|x64
		{720FFB38-03A3-4BF7-8004-4954A64CB484}.Release|x64.Build.0 = Release|x64
	EndGlobalSection
	GlobalSection(SolutionProperties) = preSolution
		HideSolutionNode = FALSE
	EndGlobalSection
	GlobalSection(NestedProjects) = preSolution
		{10CB1224-D13D-424C-8E9B-E4ABB4229421} = {960E1F52-FF65-4F52-870F-A0CA22D26475}
		{10B9BF04-9F0B-4152-B3CD-6FEED4BE56F3} = {960E1F52-FF65-4F52-870F-A0CA22D26475}
		{D2F2E4F7-7F81-4EF1-8ECF-37D016BA24E9} = {960E1F52-FF65-4F52-870F-A0CA22D26475}
		{C6B63880-D0A0-4127-AD07-FB044302B412} = {960E1F52-FF65-4F52-870F-A0CA22D26475}
		{720FFB38-03A3-4BF7-8004-4954A64CB484} = {960E1F52-FF65-4F52-870F-A0CA22D26475}
	EndGlobalSection
	GlobalSection(ExtensibilityGlobals) = postSolution
		SolutionGuid = {F3AC8142-5C6A-47F8-A433-89E5B111405A}
	EndGlobalSection
EndGlobal
